
Microsoft Visual Studio Solution File, Format Version 12.00
# Visual Studio 14
VisualStudioVersion = 14.0.25420.1
MinimumVisualStudioVersion = 10.0.40219.1
Project("{FAE04EC0-301F-11D3-BF4B-00C04F79EFBC}") = "HelloWorldProj", "HelloWorldProj\HelloWorldProj.csproj", "{B4C8D5E6-106B-403C-8D84-1E84BB9ACD80}"
EndProject
Project("{FAE04EC0-301F-11D3-BF4B-00C04F79EFBC}") = "HelloWorldProj.Tests", "HelloWorldProj.Tests\HelloWorldProj.Tests.csproj", "{74B21EE3-5DA8-4668-9836-E0467564137B}"
EndProject
Global
	GlobalSection(SolutionConfigurationPlatforms) = preSolution
		Debug|Any CPU = Debug|Any CPU
		Release|Any CPU = Release|Any CPU
	EndGlobalSection
	GlobalSection(ProjectConfigurationPlatforms) = postSolution
		{B4C8D5E6-106B-403C-8D84-1E84BB9ACD80}.Debug|Any CPU.ActiveCfg = Debug|Any CPU
		{B4C8D5E6-106B-403C-8D84-1E84BB9ACD80}.Debug|Any CPU.Build.0 = Debug|Any CPU
		{B4C8D5E6-106B-403C-8D84-1E84BB9ACD80}.Release|Any CPU.ActiveCfg = Release|Any CPU
		{B4C8D5E6-106B-403C-8D84-1E84BB9ACD80}.Release|Any CPU.Build.0 = Release|Any CPU
		{74B21EE3-5DA8-4668-9836-E0467564137B}.Debug|Any CPU.ActiveCfg = Debug|Any CPU
		{74B21EE3-5DA8-4668-9836-E0467564137B}.Debug|Any CPU.Build.0 = Debug|Any CPU
		{74B21EE3-5DA8-4668-9836-E0467564137B}.Release|Any CPU.ActiveCfg = Release|Any CPU
		{74B21EE3-5DA8-4668-9836-E0467564137B}.Release|Any CPU.Build.0 = Release|Any CPU
	EndGlobalSection
	GlobalSection(SolutionProperties) = preSolution
		HideSolutionNode = FALSE
	EndGlobalSection
EndGlobal
